
Microsoft Visual Studio Solution File, Format Version 12.00
Project("{FAE04EC0-301F-11D3-BF4B-00C04F79EFBC}") = "UObject", "UObject\UObject.csproj", "{D01323F9-B18D-46C6-99ED-6253C72E00D5}"
EndProject
Project("{FAE04EC0-301F-11D3-BF4B-00C04F79EFBC}") = "UObject.EndGame", "UObject.EndGame\UObject.EndGame.csproj", "{9C005A40-A872-4EFE-BCC8-80950915878D}"
EndProject
Project("{2150E333-8FDC-42A3-9474-1A3956D46DE8}") = "Game Specific", "Game Specific", "{8FA891C2-A074-425F-8C68-5773E4FB3087}"
EndProject
Project("{FAE04EC0-301F-11D3-BF4B-00C04F79EFBC}") = "UObjectDeserializer", "UObjectDeserializer\UObjectDeserializer.csproj", "{4490CC08-8764-4828-ABB1-11F9530E6351}"
EndProject
Global
	GlobalSection(SolutionConfigurationPlatforms) = preSolution
		Debug|Any CPU = Debug|Any CPU
		Release|Any CPU = Release|Any CPU
	EndGlobalSection
	GlobalSection(ProjectConfigurationPlatforms) = postSolution
		{D01323F9-B18D-46C6-99ED-6253C72E00D5}.Debug|Any CPU.ActiveCfg = Debug|Any CPU
		{D01323F9-B18D-46C6-99ED-6253C72E00D5}.Debug|Any CPU.Build.0 = Debug|Any CPU
		{D01323F9-B18D-46C6-99ED-6253C72E00D5}.Release|Any CPU.ActiveCfg = Release|Any CPU
		{D01323F9-B18D-46C6-99ED-6253C72E00D5}.Release|Any CPU.Build.0 = Release|Any CPU
		{9C005A40-A872-4EFE-BCC8-80950915878D}.Debug|Any CPU.ActiveCfg = Debug|Any CPU
		{9C005A40-A872-4EFE-BCC8-80950915878D}.Debug|Any CPU.Build.0 = Debug|Any CPU
		{9C005A40-A872-4EFE-BCC8-80950915878D}.Release|Any CPU.ActiveCfg = Release|Any CPU
		{9C005A40-A872-4EFE-BCC8-80950915878D}.Release|Any CPU.Build.0 = Release|Any CPU
		{4490CC08-8764-4828-ABB1-11F9530E6351}.Debug|Any CPU.ActiveCfg = Debug|Any CPU
		{4490CC08-8764-4828-ABB1-11F9530E6351}.Debug|Any CPU.Build.0 = Debug|Any CPU
		{4490CC08-8764-4828-ABB1-11F9530E6351}.Release|Any CPU.ActiveCfg = Release|Any CPU
		{4490CC08-8764-4828-ABB1-11F9530E6351}.Release|Any CPU.Build.0 = Release|Any CPU
	EndGlobalSection
	GlobalSection(NestedProjects) = preSolution
		{9C005A40-A872-4EFE-BCC8-80950915878D} = {8FA891C2-A074-425F-8C68-5773E4FB3087}
	EndGlobalSection
EndGlobal
